// !$*UTF8*$!
{
	archiveVersion = 1;
	classes = {
	};
	objectVersion = 50;
	objects = {

/* Begin PBXBuildFile section */
		042532362325FFBA00FFD232 /* AppDelegate.swift in Sources */ = {isa = PBXBuildFile; fileRef = 042532352325FFBA00FFD232 /* AppDelegate.swift */; };
		042532382325FFBA00FFD232 /* ViewController.swift in Sources */ = {isa = PBXBuildFile; fileRef = 042532372325FFBA00FFD232 /* ViewController.swift */; };
		0425323B2325FFBA00FFD232 /* Main.storyboard in Resources */ = {isa = PBXBuildFile; fileRef = 042532392325FFBA00FFD232 /* Main.storyboard */; };
		0425323D2325FFBE00FFD232 /* Assets.xcassets in Resources */ = {isa = PBXBuildFile; fileRef = 0425323C2325FFBE00FFD232 /* Assets.xcassets */; };
		042532402325FFBE00FFD232 /* LaunchScreen.storyboard in Resources */ = {isa = PBXBuildFile; fileRef = 0425323E2325FFBE00FFD232 /* LaunchScreen.storyboard */; };
		042532482326015300FFD232 /* TableViewController.swift in Sources */ = {isa = PBXBuildFile; fileRef = 042532472326015300FFD232 /* TableViewController.swift */; };
/* End PBXBuildFile section */

/* Begin PBXFileReference section */
		042532322325FFBA00FFD232 /* Skystone Scorer App.app */ = {isa = PBXFileReference; explicitFileType = wrapper.application; includeInIndex = 0; path = "Skystone Scorer App.app"; sourceTree = BUILT_PRODUCTS_DIR; };
		042532352325FFBA00FFD232 /* AppDelegate.swift */ = {isa = PBXFileReference; lastKnownFileType = sourcecode.swift; path = AppDelegate.swift; sourceTree = "<group>"; };
		042532372325FFBA00FFD232 /* ViewController.swift */ = {isa = PBXFileReference; lastKnownFileType = sourcecode.swift; path = ViewController.swift; sourceTree = "<group>"; };
		0425323A2325FFBA00FFD232 /* Base */ = {isa = PBXFileReference; lastKnownFileType = file.storyboard; name = Base; path = Base.lproj/Main.storyboard; sourceTree = "<group>"; };
		0425323C2325FFBE00FFD232 /* Assets.xcassets */ = {isa = PBXFileReference; lastKnownFileType = folder.assetcatalog; path = Assets.xcassets; sourceTree = "<group>"; };
		0425323F2325FFBE00FFD232 /* Base */ = {isa = PBXFileReference; lastKnownFileType = file.storyboard; name = Base; path = Base.lproj/LaunchScreen.storyboard; sourceTree = "<group>"; };
		042532412325FFBE00FFD232 /* Info.plist */ = {isa = PBXFileReference; lastKnownFileType = text.plist.xml; path = Info.plist; sourceTree = "<group>"; };
		042532472326015300FFD232 /* TableViewController.swift */ = {isa = PBXFileReference; fileEncoding = 4; lastKnownFileType = sourcecode.swift; path = TableViewController.swift; sourceTree = "<group>"; };
/* End PBXFileReference section */

/* Begin PBXFrameworksBuildPhase section */
		0425322F2325FFBA00FFD232 /* Frameworks */ = {
			isa = PBXFrameworksBuildPhase;
			buildActionMask = 2147483647;
			files = (
			);
			runOnlyForDeploymentPostprocessing = 0;
		};
/* End PBXFrameworksBuildPhase section */

/* Begin PBXGroup section */
		042532292325FFBA00FFD232 = {
			isa = PBXGroup;
			children = (
				042532342325FFBA00FFD232 /* Skystone Scorer App */,
				042532332325FFBA00FFD232 /* Products */,
			);
			sourceTree = "<group>";
		};
		042532332325FFBA00FFD232 /* Products */ = {
			isa = PBXGroup;
			children = (
				042532322325FFBA00FFD232 /* Skystone Scorer App.app */,
			);
			name = Products;
			sourceTree = "<group>";
		};
		042532342325FFBA00FFD232 /* Skystone Scorer App */ = {
			isa = PBXGroup;
			children = (
				042532472326015300FFD232 /* TableViewController.swift */,
				042532352325FFBA00FFD232 /* AppDelegate.swift */,
				042532372325FFBA00FFD232 /* ViewController.swift */,
				042532392325FFBA00FFD232 /* Main.storyboard */,
				0425323C2325FFBE00FFD232 /* Assets.xcassets */,
				0425323E2325FFBE00FFD232 /* LaunchScreen.storyboard */,
				042532412325FFBE00FFD232 /* Info.plist */,
			);
			path = "Skystone Scorer App";
			sourceTree = "<group>";
		};
/* End PBXGroup section */

/* Begin PBXNativeTarget section */
		042532312325FFBA00FFD232 /* Skystone Scorer App */ = {
			isa = PBXNativeTarget;
			buildConfigurationList = 042532442325FFBE00FFD232 /* Build configuration list for PBXNativeTarget "Skystone Scorer App" */;
			buildPhases = (
				0425322E2325FFBA00FFD232 /* Sources */,
				0425322F2325FFBA00FFD232 /* Frameworks */,
				042532302325FFBA00FFD232 /* Resources */,
			);
			buildRules = (
			);
			dependencies = (
			);
			name = "Skystone Scorer App";
			productName = "Skystone Scorer App";
			productReference = 042532322325FFBA00FFD232 /* Skystone Scorer App.app */;
			productType = "com.apple.product-type.application";
		};
/* End PBXNativeTarget section */

/* Begin PBXProject section */
		0425322A2325FFBA00FFD232 /* Project object */ = {
			isa = PBXProject;
			attributes = {
				LastSwiftUpdateCheck = 1020;
				LastUpgradeCheck = 1020;
				ORGANIZATIONNAME = "Mihir Chauhan";
				TargetAttributes = {
					042532312325FFBA00FFD232 = {
						CreatedOnToolsVersion = 10.2.1;
					};
				};
			};
			buildConfigurationList = 0425322D2325FFBA00FFD232 /* Build configuration list for PBXProject "Skystone Scorer App" */;
			compatibilityVersion = "Xcode 9.3";
			developmentRegion = en;
			hasScannedForEncodings = 0;
			knownRegions = (
				en,
				Base,
			);
			mainGroup = 042532292325FFBA00FFD232;
			productRefGroup = 042532332325FFBA00FFD232 /* Products */;
			projectDirPath = "";
			projectRoot = "";
			targets = (
				042532312325FFBA00FFD232 /* Skystone Scorer App */,
			);
		};
/* End PBXProject section */

/* Begin PBXResourcesBuildPhase section */
		042532302325FFBA00FFD232 /* Resources */ = {
			isa = PBXResourcesBuildPhase;
			buildActionMask = 2147483647;
			files = (
				042532402325FFBE00FFD232 /* LaunchScreen.storyboard in Resources */,
				0425323D2325FFBE00FFD232 /* Assets.xcassets in Resources */,
				0425323B2325FFBA00FFD232 /* Main.storyboard in Resources */,
			);
			runOnlyForDeploymentPostprocessing = 0;
		};
/* End PBXResourcesBuildPhase section */

/* Begin PBXSourcesBuildPhase section */
		0425322E2325FFBA00FFD232 /* Sources */ = {
			isa = PBXSourcesBuildPhase;
			buildActionMask = 2147483647;
			files = (
				042532382325FFBA00FFD232 /* ViewController.swift in Sources */,
				042532482326015300FFD232 /* TableViewController.swift in Sources */,
				042532362325FFBA00FFD232 /* AppDelegate.swift in Sources */,
			);
			runOnlyForDeploymentPostprocessing = 0;
		};
/* End PBXSourcesBuildPhase section */

/* Begin PBXVariantGroup section */
		042532392325FFBA00FFD232 /* Main.storyboard */ = {
			isa = PBXVariantGroup;
			children = (
				0425323A2325FFBA00FFD232 /* Base */,
			);
			name = Main.storyboard;
			sourceTree = "<group>";
		};
		0425323E2325FFBE00FFD232 /* LaunchScreen.storyboard */ = {
			isa = PBXVariantGroup;
			children = (
				0425323F2325FFBE00FFD232 /* Base */,
			);
			name = LaunchScreen.storyboard;
			sourceTree = "<group>";
		};
/* End PBXVariantGroup section */

/* Begin XCBuildConfiguration section */
		042532422325FFBE00FFD232 /* Debug */ = {
			isa = XCBuildConfiguration;
			buildSettings = {
				ALWAYS_SEARCH_USER_PATHS = NO;
				CLANG_ANALYZER_NONNULL = YES;
				CLANG_ANALYZER_NUMBER_OBJECT_CONVERSION = YES_AGGRESSIVE;
				CLANG_CXX_LANGUAGE_STANDARD = "gnu++14";
				CLANG_CXX_LIBRARY = "libc++";
				CLANG_ENABLE_MODULES = YES;
				CLANG_ENABLE_OBJC_ARC = YES;
				CLANG_ENABLE_OBJC_WEAK = YES;
				CLANG_WARN_BLOCK_CAPTURE_AUTORELEASING = YES;
				CLANG_WARN_BOOL_CONVERSION = YES;
				CLANG_WARN_COMMA = YES;
				CLANG_WARN_CONSTANT_CONVERSION = YES;
				CLANG_WARN_DEPRECATED_OBJC_IMPLEMENTATIONS = YES;
				CLANG_WARN_DIRECT_OBJC_ISA_USAGE = YES_ERROR;
				CLANG_WARN_DOCUMENTATION_COMMENTS = YES;
				CLANG_WARN_EMPTY_BODY = YES;
				CLANG_WARN_ENUM_CONVERSION = YES;
				CLANG_WARN_INFINITE_RECURSION = YES;
				CLANG_WARN_INT_CONVERSION = YES;
				CLANG_WARN_NON_LITERAL_NULL_CONVERSION = YES;
				CLANG_WARN_OBJC_IMPLICIT_RETAIN_SELF = YES;
				CLANG_WARN_OBJC_LITERAL_CONVERSION = YES;
				CLANG_WARN_OBJC_ROOT_CLASS = YES_ERROR;
				CLANG_WARN_RANGE_LOOP_ANALYSIS = YES;
				CLANG_WARN_STRICT_PROTOTYPES = YES;
				CLANG_WARN_SUSPICIOUS_MOVE = YES;
				CLANG_WARN_UNGUARDED_AVAILABILITY = YES_AGGRESSIVE;
				CLANG_WARN_UNREACHABLE_CODE = YES;
				CLANG_WARN__DUPLICATE_METHOD_MATCH = YES;
				CODE_SIGN_IDENTITY = "iPhone Developer";
				COPY_PHASE_STRIP = NO;
				DEBUG_INFORMATION_FORMAT = dwarf;
				ENABLE_STRICT_OBJC_MSGSEND = YES;
				ENABLE_TESTABILITY = YES;
				GCC_C_LANGUAGE_STANDARD = gnu11;
				GCC_DYNAMIC_NO_PIC = NO;
				GCC_NO_COMMON_BLOCKS = YES;
				GCC_OPTIMIZATION_LEVEL = 0;
				GCC_PREPROCESSOR_DEFINITIONS = (
					"DEBUG=1",
					"$(inherited)",
				);
				GCC_WARN_64_TO_32_BIT_CONVERSION = YES;
				GCC_WARN_ABOUT_RETURN_TYPE = YES_ERROR;
				GCC_WARN_UNDECLARED_SELECTOR = YES;
				GCC_WARN_UNINITIALIZED_AUTOS = YES_AGGRESSIVE;
				GCC_WARN_UNUSED_FUNCTION = YES;
				GCC_WARN_UNUSED_VARIABLE = YES;
				IPHONEOS_DEPLOYMENT_TARGET = 12.2;
				MTL_ENABLE_DEBUG_INFO = INCLUDE_SOURCE;
				MTL_FAST_MATH = YES;
				ONLY_ACTIVE_ARCH = YES;
				SDKROOT = iphoneos;
				SWIFT_ACTIVE_COMPILATION_CONDITIONS = DEBUG;
				SWIFT_OPTIMIZATION_LEVEL = "-Onone";
			};
			name = Debug;
		};
		042532432325FFBE00FFD232 /* Release */ = {
			isa = XCBuildConfiguration;
			buildSettings = {
				ALWAYS_SEARCH_USER_PATHS = NO;
				CLANG_ANALYZER_NONNULL = YES;
				CLANG_ANALYZER_NUMBER_OBJECT_CONVERSION = YES_AGGRESSIVE;
				CLANG_CXX_LANGUAGE_STANDARD = "gnu++14";
				CLANG_CXX_LIBRARY = "libc++";
				CLANG_ENABLE_MODULES = YES;
				CLANG_ENABLE_OBJC_ARC = YES;
				CLANG_ENABLE_OBJC_WEAK = YES;
				CLANG_WARN_BLOCK_CAPTURE_AUTORELEASING = YES;
				CLANG_WARN_BOOL_CONVERSION = YES;
				CLANG_WARN_COMMA = YES;
				CLANG_WARN_CONSTANT_CONVERSION = YES;
				CLANG_WARN_DEPRECATED_OBJC_IMPLEMENTATIONS = YES;
				CLANG_WARN_DIRECT_OBJC_ISA_USAGE = YES_ERROR;
				CLANG_WARN_DOCUMENTATION_COMMENTS = YES;
				CLANG_WARN_EMPTY_BODY = YES;
				CLANG_WARN_ENUM_CONVERSION = YES;
				CLANG_WARN_INFINITE_RECURSION = YES;
				CLANG_WARN_INT_CONVERSION = YES;
				CLANG_WARN_NON_LITERAL_NULL_CONVERSION = YES;
				CLANG_WARN_OBJC_IMPLICIT_RETAIN_SELF = YES;
				CLANG_WARN_OBJC_LITERAL_CONVERSION = YES;
				CLANG_WARN_OBJC_ROOT_CLASS = YES_ERROR;
				CLANG_WARN_RANGE_LOOP_ANALYSIS = YES;
				CLANG_WARN_STRICT_PROTOTYPES = YES;
				CLANG_WARN_SUSPICIOUS_MOVE = YES;
				CLANG_WARN_UNGUARDED_AVAILABILITY = YES_AGGRESSIVE;
				CLANG_WARN_UNREACHABLE_CODE = YES;
				CLANG_WARN__DUPLICATE_METHOD_MATCH = YES;
				CODE_SIGN_IDENTITY = "iPhone Developer";
				COPY_PHASE_STRIP = NO;
				DEBUG_INFORMATION_FORMAT = "dwarf-with-dsym";
				ENABLE_NS_ASSERTIONS = NO;
				ENABLE_STRICT_OBJC_MSGSEND = YES;
				GCC_C_LANGUAGE_STANDARD = gnu11;
				GCC_NO_COMMON_BLOCKS = YES;
				GCC_WARN_64_TO_32_BIT_CONVERSION = YES;
				GCC_WARN_ABOUT_RETURN_TYPE = YES_ERROR;
				GCC_WARN_UNDECLARED_SELECTOR = YES;
				GCC_WARN_UNINITIALIZED_AUTOS = YES_AGGRESSIVE;
				GCC_WARN_UNUSED_FUNCTION = YES;
				GCC_WARN_UNUSED_VARIABLE = YES;
				IPHONEOS_DEPLOYMENT_TARGET = 12.2;
				MTL_ENABLE_DEBUG_INFO = NO;
				MTL_FAST_MATH = YES;
				SDKROOT = iphoneos;
				SWIFT_COMPILATION_MODE = wholemodule;
				SWIFT_OPTIMIZATION_LEVEL = "-O";
				VALIDATE_PRODUCT = YES;
			};
			name = Release;
		};
		042532452325FFBE00FFD232 /* Debug */ = {
			isa = XCBuildConfiguration;
			buildSettings = {
				ASSETCATALOG_COMPILER_APPICON_NAME = "AppIcon-3";
				CODE_SIGN_STYLE = Automatic;
				DEVELOPMENT_TEAM = ANNU8439FD;
				INFOPLIST_FILE = "Skystone Scorer App/Info.plist";
				LD_RUNPATH_SEARCH_PATHS = (
					"$(inherited)",
					"@executable_path/Frameworks",
				);
				PRODUCT_BUNDLE_IDENTIFIER = "com.Mihir.Skystone-Scorer-App";
				PRODUCT_NAME = "$(TARGET_NAME)";
				SWIFT_VERSION = 5.0;
				TARGETED_DEVICE_FAMILY = "1,2";
			};
			name = Debug;
		};
		042532462325FFBE00FFD232 /* Release */ = {
			isa = XCBuildConfiguration;
			buildSettings = {
				ASSETCATALOG_COMPILER_APPICON_NAME = "AppIcon-3";
				CODE_SIGN_STYLE = Automatic;
				DEVELOPMENT_TEAM = ANNU8439FD;
				INFOPLIST_FILE = "Skystone Scorer App/Info.plist";
				LD_RUNPATH_SEARCH_PATHS = (
					"$(inherited)",
					"@executable_path/Frameworks",
				);
				PRODUCT_BUNDLE_IDENTIFIER = "com.Mihir.Skystone-Scorer-App";
				PRODUCT_NAME = "$(TARGET_NAME)";
				SWIFT_VERSION = 5.0;
				TARGETED_DEVICE_FAMILY = "1,2";
			};
			name = Release;
		};
/* End XCBuildConfiguration section */

/* Begin XCConfigurationList section */
		0425322D2325FFBA00FFD232 /* Build configuration list for PBXProject "Skystone Scorer App" */ = {
			isa = XCConfigurationList;
			buildConfigurations = (
				042532422325FFBE00FFD232 /* Debug */,
				042532432325FFBE00FFD232 /* Release */,
			);
			defaultConfigurationIsVisible = 0;
			defaultConfigurationName = Release;
		};
		042532442325FFBE00FFD232 /* Build configuration list for PBXNativeTarget "Skystone Scorer App" */ = {
			isa = XCConfigurationList;
			buildConfigurations = (
				042532452325FFBE00FFD232 /* Debug */,
				042532462325FFBE00FFD232 /* Release */,
			);
			defaultConfigurationIsVisible = 0;
			defaultConfigurationName = Release;
		};
/* End XCConfigurationList section */
	};
	rootObject = 0425322A2325FFBA00FFD232 /* Project object */;
}
